
Microsoft Visual Studio Solution File, Format Version 12.00
# Visual Studio Version 16
VisualStudioVersion = 16.0.29411.108
MinimumVisualStudioVersion = 10.0.40219.1
Project("{FAE04EC0-301F-11D3-BF4B-00C04F79EFBC}") = "TVProject", "TVProject\TVProject.csproj", "{EE5A77D8-B420-46C4-AD72-9A0BAB27E955}"
EndProject
Global
	GlobalSection(SolutionConfigurationPlatforms) = preSolution
		Debug|Any CPU = Debug|Any CPU
		Release|Any CPU = Release|Any CPU
	EndGlobalSection
	GlobalSection(ProjectConfigurationPlatforms) = postSolution
		{EE5A77D8-B420-46C4-AD72-9A0BAB27E955}.Debug|Any CPU.ActiveCfg = Debug|Any CPU
		{EE5A77D8-B420-46C4-AD72-9A0BAB27E955}.Debug|Any CPU.Build.0 = Debug|Any CPU
		{EE5A77D8-B420-46C4-AD72-9A0BAB27E955}.Release|Any CPU.ActiveCfg = Release|Any CPU
		{EE5A77D8-B420-46C4-AD72-9A0BAB27E955}.Release|Any CPU.Build.0 = Release|Any CPU
	EndGlobalSection
	GlobalSection(SolutionProperties) = preSolution
		HideSolutionNode = FALSE
	EndGlobalSection
	GlobalSection(ExtensibilityGlobals) = postSolution
		SolutionGuid = {CBEB3B4B-0380-42FE-8D81-96E231BF9A04}
	EndGlobalSection
EndGlobal
